
Microsoft Visual Studio Solution File, Format Version 12.00
# Visual Studio Version 17
VisualStudioVersion = 17.12.35527.113 d17.12
MinimumVisualStudioVersion = 10.0.40219.1
Project("{FAE04EC0-301F-11D3-BF4B-00C04F79EFBC}") = "SistemaReserva", "SistemaReserva\SistemaReserva.csproj", "{D868CA21-D858-4D00-BBB8-0506D5E793EB}"
EndProject
Global
	GlobalSection(SolutionConfigurationPlatforms) = preSolution
		Debug|Any CPU = Debug|Any CPU
		Release|Any CPU = Release|Any CPU
	EndGlobalSection
	GlobalSection(ProjectConfigurationPlatforms) = postSolution
		{D868CA21-D858-4D00-BBB8-0506D5E793EB}.Debug|Any CPU.ActiveCfg = Debug|Any CPU
		{D868CA21-D858-4D00-BBB8-0506D5E793EB}.Debug|Any CPU.Build.0 = Debug|Any CPU
		{D868CA21-D858-4D00-BBB8-0506D5E793EB}.Release|Any CPU.ActiveCfg = Release|Any CPU
		{D868CA21-D858-4D00-BBB8-0506D5E793EB}.Release|Any CPU.Build.0 = Release|Any CPU
	EndGlobalSection
	GlobalSection(SolutionProperties) = preSolution
		HideSolutionNode = FALSE
	EndGlobalSection
EndGlobal
